
Microsoft Visual Studio Solution File, Format Version 12.00
# Visual Studio Version 17
VisualStudioVersion = 17.3.32819.101
MinimumVisualStudioVersion = 10.0.40219.1
Project("{FAE04EC0-301F-11D3-BF4B-00C04F79EFBC}") = "NetCore-Backend", "NetCore-Backend\NetCore-Backend.csproj", "{CBA669DC-7C6C-46B4-B43B-BFFC52107A71}"
EndProject
Project("{54A90642-561A-4BB1-A94E-469ADEE60C69}") = "vue-fontend", "Vue-Fontend\vue-fontend.esproj", "{6570A1E3-3001-470D-ADB1-06BCE58C9003}"
EndProject
Global
	GlobalSection(SolutionConfigurationPlatforms) = preSolution
		Debug|Any CPU = Debug|Any CPU
		Release|Any CPU = Release|Any CPU
	EndGlobalSection
	GlobalSection(ProjectConfigurationPlatforms) = postSolution
		{CBA669DC-7C6C-46B4-B43B-BFFC52107A71}.Debug|Any CPU.ActiveCfg = Debug|Any CPU
		{CBA669DC-7C6C-46B4-B43B-BFFC52107A71}.Debug|Any CPU.Build.0 = Debug|Any CPU
		{CBA669DC-7C6C-46B4-B43B-BFFC52107A71}.Release|Any CPU.ActiveCfg = Release|Any CPU
		{CBA669DC-7C6C-46B4-B43B-BFFC52107A71}.Release|Any CPU.Build.0 = Release|Any CPU
		{6570A1E3-3001-470D-ADB1-06BCE58C9003}.Debug|Any CPU.ActiveCfg = Debug|Any CPU
		{6570A1E3-3001-470D-ADB1-06BCE58C9003}.Debug|Any CPU.Build.0 = Debug|Any CPU
		{6570A1E3-3001-470D-ADB1-06BCE58C9003}.Debug|Any CPU.Deploy.0 = Debug|Any CPU
		{6570A1E3-3001-470D-ADB1-06BCE58C9003}.Release|Any CPU.ActiveCfg = Release|Any CPU
		{6570A1E3-3001-470D-ADB1-06BCE58C9003}.Release|Any CPU.Build.0 = Release|Any CPU
		{6570A1E3-3001-470D-ADB1-06BCE58C9003}.Release|Any CPU.Deploy.0 = Release|Any CPU
	EndGlobalSection
	GlobalSection(SolutionProperties) = preSolution
		HideSolutionNode = FALSE
	EndGlobalSection
	GlobalSection(ExtensibilityGlobals) = postSolution
		SolutionGuid = {C5D19ED1-1BD3-4ECC-B607-04CB71C3BBED}
	EndGlobalSection
EndGlobal
